<?xml version="1.0" encoding="utf-8"?>
<Project ToolsVersion="4.0" xmlns="http://schemas.microsoft.com/developer/msbuild/2003">
  <ItemGroup>
    <Filter Include="Mug">
      <UniqueIdentifier>{EE09880B-5A13-887C-E38E-9E7C4F97937C}</UniqueIdentifier>
    </Filter>
  </ItemGroup>
  <ItemGroup>
    <ClInclude Include="src\Mug.h" />
    <ClInclude Include="src\Mug\Application.h">
      <Filter>Mug</Filter>
    </ClInclude>
    <ClInclude Include="src\Mug\Core.h">
      <Filter>Mug</Filter>
    </ClInclude>
    <ClInclude Include="src\Mug\EntryPoint.h">
      <Filter>Mug</Filter>
    </ClInclude>
    <ClInclude Include="src\Mug\Log.h">
      <Filter>Mug</Filter>
    </ClInclude>
  </ItemGroup>
  <ItemGroup>
    <ClCompile Include="src\Mug\Application.cpp">
      <Filter>Mug</Filter>
    </ClCompile>
    <ClCompile Include="src\Mug\Log.cpp">
      <Filter>Mug</Filter>
    </ClCompile>
  </ItemGroup>
</Project>